
Microsoft Visual Studio Solution File, Format Version 12.00
# Visual Studio Version 17
VisualStudioVersion = 17.2.32630.192
MinimumVisualStudioVersion = 10.0.40219.1
Project("{9A19103F-16F7-4668-BE54-9A1E7A4F7556}") = "PasswordGenerator", "PasswordGenerator\PasswordGenerator.csproj", "{F98D5A59-9A80-4C62-9B67-8FC06256D03B}"
EndProject
Project("{FAE04EC0-301F-11D3-BF4B-00C04F79EFBC}") = "TestConsole", "TestConsole\TestConsole.csproj", "{5F504257-1BE2-4F1A-BEA1-6D149F650A4D}"
EndProject
Global
	GlobalSection(SolutionConfigurationPlatforms) = preSolution
		Debug|Any CPU = Debug|Any CPU
		Release|Any CPU = Release|Any CPU
	EndGlobalSection
	GlobalSection(ProjectConfigurationPlatforms) = postSolution
		{F98D5A59-9A80-4C62-9B67-8FC06256D03B}.Debug|Any CPU.ActiveCfg = Debug|Any CPU
		{F98D5A59-9A80-4C62-9B67-8FC06256D03B}.Debug|Any CPU.Build.0 = Debug|Any CPU
		{F98D5A59-9A80-4C62-9B67-8FC06256D03B}.Release|Any CPU.ActiveCfg = Release|Any CPU
		{F98D5A59-9A80-4C62-9B67-8FC06256D03B}.Release|Any CPU.Build.0 = Release|Any CPU
		{5F504257-1BE2-4F1A-BEA1-6D149F650A4D}.Debug|Any CPU.ActiveCfg = Debug|Any CPU
		{5F504257-1BE2-4F1A-BEA1-6D149F650A4D}.Debug|Any CPU.Build.0 = Debug|Any CPU
		{5F504257-1BE2-4F1A-BEA1-6D149F650A4D}.Release|Any CPU.ActiveCfg = Release|Any CPU
		{5F504257-1BE2-4F1A-BEA1-6D149F650A4D}.Release|Any CPU.Build.0 = Release|Any CPU
	EndGlobalSection
	GlobalSection(SolutionProperties) = preSolution
		HideSolutionNode = FALSE
	EndGlobalSection
	GlobalSection(ExtensibilityGlobals) = postSolution
		SolutionGuid = {522EA0DF-1F44-47D0-9285-A0FFBD1D7A5D}
	EndGlobalSection
EndGlobal
